// !$*UTF8*$!
{
	archiveVersion = 1;
	classes = {
	};
	objectVersion = 46;
	objects = {

/* Begin PBXBuildFile section */
		7527E9851DDF9D75003925BE /* Partner.swift in Sources */ = {isa = PBXBuildFile; fileRef = 7527E9841DDF9D75003925BE /* Partner.swift */; };
		7527E9871DDFAC48003925BE /* Unit.swift in Sources */ = {isa = PBXBuildFile; fileRef = 7527E9861DDFAC48003925BE /* Unit.swift */; };
		7527E98D1DDFB64C003925BE /* Company.swift in Sources */ = {isa = PBXBuildFile; fileRef = 7527E98C1DDFB64C003925BE /* Company.swift */; };
		752871021DCFB225000BBCDE /* libiconv.2.4.0.tbd in Frameworks */ = {isa = PBXBuildFile; fileRef = 752871011DCFB225000BBCDE /* libiconv.2.4.0.tbd */; };
		752871041DCFB22D000BBCDE /* libiconv.2.tbd in Frameworks */ = {isa = PBXBuildFile; fileRef = 752871031DCFB22D000BBCDE /* libiconv.2.tbd */; };
		752871061DCFD17A000BBCDE /* Item.swift in Sources */ = {isa = PBXBuildFile; fileRef = 752871051DCFD17A000BBCDE /* Item.swift */; };
		752EF9AE1DCE33E2000B6C42 /* AppDelegate.swift in Sources */ = {isa = PBXBuildFile; fileRef = 752EF9AD1DCE33E2000B6C42 /* AppDelegate.swift */; };
		752EF9B01DCE33E2000B6C42 /* DbConnectViewController.swift in Sources */ = {isa = PBXBuildFile; fileRef = 752EF9AF1DCE33E2000B6C42 /* DbConnectViewController.swift */; };
		752EF9B21DCE33E2000B6C42 /* Assets.xcassets in Resources */ = {isa = PBXBuildFile; fileRef = 752EF9B11DCE33E2000B6C42 /* Assets.xcassets */; };
		752EF9B51DCE33E2000B6C42 /* Main.storyboard in Resources */ = {isa = PBXBuildFile; fileRef = 752EF9B31DCE33E2000B6C42 /* Main.storyboard */; };
		752EF9CF1DCE370C000B6C42 /* libiconv.tbd in Frameworks */ = {isa = PBXBuildFile; fileRef = 752EF9CE1DCE370C000B6C42 /* libiconv.tbd */; };
		753D6EE31DD72FFF0027EDA7 /* DbItemView.swift in Sources */ = {isa = PBXBuildFile; fileRef = 753D6EE21DD72FFF0027EDA7 /* DbItemView.swift */; };
		753D6EE51DD730490027EDA7 /* DbItemView.xib in Resources */ = {isa = PBXBuildFile; fileRef = 753D6EE41DD730490027EDA7 /* DbItemView.xib */; };
		755DF95D1DD74994004F4D94 /* DbTableViewController.swift in Sources */ = {isa = PBXBuildFile; fileRef = 755DF95C1DD74994004F4D94 /* DbTableViewController.swift */; };
		755DF9621DD74D34004F4D94 /* DbNameView.swift in Sources */ = {isa = PBXBuildFile; fileRef = 755DF9611DD74D34004F4D94 /* DbNameView.swift */; };
		755DF9641DD74D80004F4D94 /* DbNameView.xib in Resources */ = {isa = PBXBuildFile; fileRef = 755DF9631DD74D80004F4D94 /* DbNameView.xib */; };
		75A719031DD8A7E700F93547 /* GeneralExtensions.swift in Sources */ = {isa = PBXBuildFile; fileRef = 75A719021DD8A7E700F93547 /* GeneralExtensions.swift */; };
		75A719051DD8AB1E00F93547 /* Document.swift in Sources */ = {isa = PBXBuildFile; fileRef = 75A719041DD8AB1E00F93547 /* Document.swift */; };
		75A7190B1DD8B72A00F93547 /* DbListView.xib in Resources */ = {isa = PBXBuildFile; fileRef = 75A7190A1DD8B72A00F93547 /* DbListView.xib */; };
		75A7190D1DD8B73700F93547 /* DbListView.swift in Sources */ = {isa = PBXBuildFile; fileRef = 75A7190C1DD8B73700F93547 /* DbListView.swift */; };
		75F48C4D1DD8C3BF00FFB063 /* libsybdb.a in Frameworks */ = {isa = PBXBuildFile; fileRef = 75F48C431DD8C3BE00FFB063 /* libsybdb.a */; };
		75F48C4E1DD8C3BF00FFB063 /* SQLClient.m in Sources */ = {isa = PBXBuildFile; fileRef = 75F48C461DD8C3BE00FFB063 /* SQLClient.m */; };
		75F48C511DD9081500FFB063 /* Country.swift in Sources */ = {isa = PBXBuildFile; fileRef = 75F48C501DD9081500FFB063 /* Country.swift */; };
		75F48C551DD910DA00FFB063 /* Place.swift in Sources */ = {isa = PBXBuildFile; fileRef = 75F48C541DD910DA00FFB063 /* Place.swift */; };
		75F48C571DD914AB00FFB063 /* Person.swift in Sources */ = {isa = PBXBuildFile; fileRef = 75F48C561DD914AB00FFB063 /* Person.swift */; };
		7EB93D24C1656D763862807F /* Pods_DbClient.framework in Frameworks */ = {isa = PBXBuildFile; fileRef = C417C4A93000542E98453F59 /* Pods_DbClient.framework */; };
/* End PBXBuildFile section */

/* Begin PBXFileReference section */
		060F834505056EF9ECFAC506 /* Pods-DbClient.debug.xcconfig */ = {isa = PBXFileReference; includeInIndex = 1; lastKnownFileType = text.xcconfig; name = "Pods-DbClient.debug.xcconfig"; path = "Pods/Target Support Files/Pods-DbClient/Pods-DbClient.debug.xcconfig"; sourceTree = "<group>"; };
		336BABC212A6FCBAD3489D9C /* Pods-DbClient.release.xcconfig */ = {isa = PBXFileReference; includeInIndex = 1; lastKnownFileType = text.xcconfig; name = "Pods-DbClient.release.xcconfig"; path = "Pods/Target Support Files/Pods-DbClient/Pods-DbClient.release.xcconfig"; sourceTree = "<group>"; };
		7527E9841DDF9D75003925BE /* Partner.swift */ = {isa = PBXFileReference; fileEncoding = 4; lastKnownFileType = sourcecode.swift; path = Partner.swift; sourceTree = "<group>"; };
		7527E9861DDFAC48003925BE /* Unit.swift */ = {isa = PBXFileReference; fileEncoding = 4; lastKnownFileType = sourcecode.swift; path = Unit.swift; sourceTree = "<group>"; };
		7527E98C1DDFB64C003925BE /* Company.swift */ = {isa = PBXFileReference; fileEncoding = 4; lastKnownFileType = sourcecode.swift; path = Company.swift; sourceTree = "<group>"; };
		752871011DCFB225000BBCDE /* libiconv.2.4.0.tbd */ = {isa = PBXFileReference; lastKnownFileType = "sourcecode.text-based-dylib-definition"; name = libiconv.2.4.0.tbd; path = usr/lib/libiconv.2.4.0.tbd; sourceTree = SDKROOT; };
		752871031DCFB22D000BBCDE /* libiconv.2.tbd */ = {isa = PBXFileReference; lastKnownFileType = "sourcecode.text-based-dylib-definition"; name = libiconv.2.tbd; path = usr/lib/libiconv.2.tbd; sourceTree = SDKROOT; };
		752871051DCFD17A000BBCDE /* Item.swift */ = {isa = PBXFileReference; fileEncoding = 4; lastKnownFileType = sourcecode.swift; path = Item.swift; sourceTree = "<group>"; };
		752EF9AA1DCE33E2000B6C42 /* DbClient.app */ = {isa = PBXFileReference; explicitFileType = wrapper.application; includeInIndex = 0; path = DbClient.app; sourceTree = BUILT_PRODUCTS_DIR; };
		752EF9AD1DCE33E2000B6C42 /* AppDelegate.swift */ = {isa = PBXFileReference; lastKnownFileType = sourcecode.swift; path = AppDelegate.swift; sourceTree = "<group>"; };
		752EF9AF1DCE33E2000B6C42 /* DbConnectViewController.swift */ = {isa = PBXFileReference; lastKnownFileType = sourcecode.swift; path = DbConnectViewController.swift; sourceTree = "<group>"; };
		752EF9B11DCE33E2000B6C42 /* Assets.xcassets */ = {isa = PBXFileReference; lastKnownFileType = folder.assetcatalog; path = Assets.xcassets; sourceTree = "<group>"; };
		752EF9B41DCE33E2000B6C42 /* Base */ = {isa = PBXFileReference; lastKnownFileType = file.storyboard; name = Base; path = Base.lproj/Main.storyboard; sourceTree = "<group>"; };
		752EF9B61DCE33E2000B6C42 /* Info.plist */ = {isa = PBXFileReference; lastKnownFileType = text.plist.xml; path = Info.plist; sourceTree = "<group>"; };
		752EF9CE1DCE370C000B6C42 /* libiconv.tbd */ = {isa = PBXFileReference; lastKnownFileType = "sourcecode.text-based-dylib-definition"; name = libiconv.tbd; path = usr/lib/libiconv.tbd; sourceTree = SDKROOT; };
		752EF9D11DCE381E000B6C42 /* DbClient-Bridging-Header.h */ = {isa = PBXFileReference; lastKnownFileType = sourcecode.c.h; path = "DbClient-Bridging-Header.h"; sourceTree = "<group>"; };
		753D6EE21DD72FFF0027EDA7 /* DbItemView.swift */ = {isa = PBXFileReference; fileEncoding = 4; lastKnownFileType = sourcecode.swift; path = DbItemView.swift; sourceTree = "<group>"; };
		753D6EE41DD730490027EDA7 /* DbItemView.xib */ = {isa = PBXFileReference; fileEncoding = 4; lastKnownFileType = file.xib; path = DbItemView.xib; sourceTree = "<group>"; };
		755DF95C1DD74994004F4D94 /* DbTableViewController.swift */ = {isa = PBXFileReference; fileEncoding = 4; lastKnownFileType = sourcecode.swift; path = DbTableViewController.swift; sourceTree = "<group>"; };
		755DF9611DD74D34004F4D94 /* DbNameView.swift */ = {isa = PBXFileReference; fileEncoding = 4; lastKnownFileType = sourcecode.swift; path = DbNameView.swift; sourceTree = "<group>"; };
		755DF9631DD74D80004F4D94 /* DbNameView.xib */ = {isa = PBXFileReference; fileEncoding = 4; lastKnownFileType = file.xib; path = DbNameView.xib; sourceTree = "<group>"; };
		75A719021DD8A7E700F93547 /* GeneralExtensions.swift */ = {isa = PBXFileReference; fileEncoding = 4; lastKnownFileType = sourcecode.swift; path = GeneralExtensions.swift; sourceTree = "<group>"; };
		75A719041DD8AB1E00F93547 /* Document.swift */ = {isa = PBXFileReference; fileEncoding = 4; lastKnownFileType = sourcecode.swift; path = Document.swift; sourceTree = "<group>"; };
		75A7190A1DD8B72A00F93547 /* DbListView.xib */ = {isa = PBXFileReference; fileEncoding = 4; lastKnownFileType = file.xib; path = DbListView.xib; sourceTree = "<group>"; };
		75A7190C1DD8B73700F93547 /* DbListView.swift */ = {isa = PBXFileReference; fileEncoding = 4; lastKnownFileType = sourcecode.swift; path = DbListView.swift; sourceTree = "<group>"; };
		75F48C3F1DD8C3BE00FFB063 /* bkpublic.h */ = {isa = PBXFileReference; fileEncoding = 4; lastKnownFileType = sourcecode.c.h; path = bkpublic.h; sourceTree = "<group>"; };
		75F48C401DD8C3BE00FFB063 /* cspublic.h */ = {isa = PBXFileReference; fileEncoding = 4; lastKnownFileType = sourcecode.c.h; path = cspublic.h; sourceTree = "<group>"; };
		75F48C411DD8C3BE00FFB063 /* cstypes.h */ = {isa = PBXFileReference; fileEncoding = 4; lastKnownFileType = sourcecode.c.h; path = cstypes.h; sourceTree = "<group>"; };
		75F48C421DD8C3BE00FFB063 /* ctpublic.h */ = {isa = PBXFileReference; fileEncoding = 4; lastKnownFileType = sourcecode.c.h; path = ctpublic.h; sourceTree = "<group>"; };
		75F48C431DD8C3BE00FFB063 /* libsybdb.a */ = {isa = PBXFileReference; lastKnownFileType = archive.ar; path = libsybdb.a; sourceTree = "<group>"; };
		75F48C441DD8C3BE00FFB063 /* odbcss.h */ = {isa = PBXFileReference; fileEncoding = 4; lastKnownFileType = sourcecode.c.h; path = odbcss.h; sourceTree = "<group>"; };
		75F48C451DD8C3BE00FFB063 /* SQLClient.h */ = {isa = PBXFileReference; fileEncoding = 4; lastKnownFileType = sourcecode.c.h; path = SQLClient.h; sourceTree = "<group>"; };
		75F48C461DD8C3BE00FFB063 /* SQLClient.m */ = {isa = PBXFileReference; fileEncoding = 4; lastKnownFileType = sourcecode.c.objc; path = SQLClient.m; sourceTree = "<group>"; };
		75F48C471DD8C3BE00FFB063 /* sqldb.h */ = {isa = PBXFileReference; fileEncoding = 4; lastKnownFileType = sourcecode.c.h; path = sqldb.h; sourceTree = "<group>"; };
		75F48C481DD8C3BE00FFB063 /* sqlfront.h */ = {isa = PBXFileReference; fileEncoding = 4; lastKnownFileType = sourcecode.c.h; path = sqlfront.h; sourceTree = "<group>"; };
		75F48C491DD8C3BF00FFB063 /* sybdb.h */ = {isa = PBXFileReference; fileEncoding = 4; lastKnownFileType = sourcecode.c.h; path = sybdb.h; sourceTree = "<group>"; };
		75F48C4A1DD8C3BF00FFB063 /* syberror.h */ = {isa = PBXFileReference; fileEncoding = 4; lastKnownFileType = sourcecode.c.h; path = syberror.h; sourceTree = "<group>"; };
		75F48C4B1DD8C3BF00FFB063 /* sybfront.h */ = {isa = PBXFileReference; fileEncoding = 4; lastKnownFileType = sourcecode.c.h; path = sybfront.h; sourceTree = "<group>"; };
		75F48C4C1DD8C3BF00FFB063 /* tds_sysdep_public.h */ = {isa = PBXFileReference; fileEncoding = 4; lastKnownFileType = sourcecode.c.h; path = tds_sysdep_public.h; sourceTree = "<group>"; };
		75F48C501DD9081500FFB063 /* Country.swift */ = {isa = PBXFileReference; fileEncoding = 4; lastKnownFileType = sourcecode.swift; path = Country.swift; sourceTree = "<group>"; };
		75F48C541DD910DA00FFB063 /* Place.swift */ = {isa = PBXFileReference; fileEncoding = 4; lastKnownFileType = sourcecode.swift; path = Place.swift; sourceTree = "<group>"; };
		75F48C561DD914AB00FFB063 /* Person.swift */ = {isa = PBXFileReference; fileEncoding = 4; lastKnownFileType = sourcecode.swift; path = Person.swift; sourceTree = "<group>"; };
		C417C4A93000542E98453F59 /* Pods_DbClient.framework */ = {isa = PBXFileReference; explicitFileType = wrapper.framework; includeInIndex = 0; path = Pods_DbClient.framework; sourceTree = BUILT_PRODUCTS_DIR; };
/* End PBXFileReference section */

/* Begin PBXFrameworksBuildPhase section */
		752EF9A71DCE33E2000B6C42 /* Frameworks */ = {
			isa = PBXFrameworksBuildPhase;
			buildActionMask = 2147483647;
			files = (
				752871041DCFB22D000BBCDE /* libiconv.2.tbd in Frameworks */,
				75F48C4D1DD8C3BF00FFB063 /* libsybdb.a in Frameworks */,
				752871021DCFB225000BBCDE /* libiconv.2.4.0.tbd in Frameworks */,
				752EF9CF1DCE370C000B6C42 /* libiconv.tbd in Frameworks */,
				7EB93D24C1656D763862807F /* Pods_DbClient.framework in Frameworks */,
			);
			runOnlyForDeploymentPostprocessing = 0;
		};
/* End PBXFrameworksBuildPhase section */

/* Begin PBXGroup section */
		73FE2533F536EAACB96B6C13 /* Pods */ = {
			isa = PBXGroup;
			children = (
				060F834505056EF9ECFAC506 /* Pods-DbClient.debug.xcconfig */,
				336BABC212A6FCBAD3489D9C /* Pods-DbClient.release.xcconfig */,
			);
			name = Pods;
			sourceTree = "<group>";
		};
		752EF9A11DCE33E2000B6C42 = {
			isa = PBXGroup;
			children = (
				752EF9AC1DCE33E2000B6C42 /* DbClient */,
				752EF9AB1DCE33E2000B6C42 /* Products */,
				752EF9CD1DCE370C000B6C42 /* Frameworks */,
				73FE2533F536EAACB96B6C13 /* Pods */,
			);
			sourceTree = "<group>";
		};
		752EF9AB1DCE33E2000B6C42 /* Products */ = {
			isa = PBXGroup;
			children = (
				752EF9AA1DCE33E2000B6C42 /* DbClient.app */,
			);
			name = Products;
			sourceTree = "<group>";
		};
		752EF9AC1DCE33E2000B6C42 /* DbClient */ = {
			isa = PBXGroup;
			children = (
				752EF9D11DCE381E000B6C42 /* DbClient-Bridging-Header.h */,
				752EF9AD1DCE33E2000B6C42 /* AppDelegate.swift */,
				75A719021DD8A7E700F93547 /* GeneralExtensions.swift */,
				753D6EE11DD72F7A0027EDA7 /* DbConnectScene */,
				755DF95E1DD74998004F4D94 /* DbTableViewScene */,
				753D6EE01DD72F6E0027EDA7 /* Models */,
				75F48C4F1DD8C3C500FFB063 /* SQLClient */,
				752EF9B11DCE33E2000B6C42 /* Assets.xcassets */,
				752EF9B31DCE33E2000B6C42 /* Main.storyboard */,
				752EF9B61DCE33E2000B6C42 /* Info.plist */,
			);
			path = DbClient;
			sourceTree = "<group>";
		};
		752EF9CD1DCE370C000B6C42 /* Frameworks */ = {
			isa = PBXGroup;
			children = (
				752871031DCFB22D000BBCDE /* libiconv.2.tbd */,
				752871011DCFB225000BBCDE /* libiconv.2.4.0.tbd */,
				752EF9CE1DCE370C000B6C42 /* libiconv.tbd */,
				C417C4A93000542E98453F59 /* Pods_DbClient.framework */,
			);
			name = Frameworks;
			sourceTree = "<group>";
		};
		753D6EE01DD72F6E0027EDA7 /* Models */ = {
			isa = PBXGroup;
			children = (
				752871051DCFD17A000BBCDE /* Item.swift */,
				75A719041DD8AB1E00F93547 /* Document.swift */,
				75F48C501DD9081500FFB063 /* Country.swift */,
				75F48C541DD910DA00FFB063 /* Place.swift */,
				75F48C561DD914AB00FFB063 /* Person.swift */,
				7527E9841DDF9D75003925BE /* Partner.swift */,
				7527E9861DDFAC48003925BE /* Unit.swift */,
				7527E98C1DDFB64C003925BE /* Company.swift */,
			);
			name = Models;
			sourceTree = "<group>";
		};
		753D6EE11DD72F7A0027EDA7 /* DbConnectScene */ = {
			isa = PBXGroup;
			children = (
				752EF9AF1DCE33E2000B6C42 /* DbConnectViewController.swift */,
				755DF9651DD74DA0004F4D94 /* Views */,
			);
			name = DbConnectScene;
			sourceTree = "<group>";
		};
		753D6EE61DD730520027EDA7 /* Views */ = {
			isa = PBXGroup;
			children = (
				753D6EE41DD730490027EDA7 /* DbItemView.xib */,
				75A7190A1DD8B72A00F93547 /* DbListView.xib */,
				753D6EE21DD72FFF0027EDA7 /* DbItemView.swift */,
				75A7190C1DD8B73700F93547 /* DbListView.swift */,
			);
			name = Views;
			sourceTree = "<group>";
		};
		755DF95E1DD74998004F4D94 /* DbTableViewScene */ = {
			isa = PBXGroup;
			children = (
				755DF95C1DD74994004F4D94 /* DbTableViewController.swift */,
				753D6EE61DD730520027EDA7 /* Views */,
			);
			name = DbTableViewScene;
			sourceTree = "<group>";
		};
		755DF9651DD74DA0004F4D94 /* Views */ = {
			isa = PBXGroup;
			children = (
				755DF9631DD74D80004F4D94 /* DbNameView.xib */,
				755DF9611DD74D34004F4D94 /* DbNameView.swift */,
			);
			name = Views;
			sourceTree = "<group>";
		};
		75F48C4F1DD8C3C500FFB063 /* SQLClient */ = {
			isa = PBXGroup;
			children = (
				75F48C3F1DD8C3BE00FFB063 /* bkpublic.h */,
				75F48C401DD8C3BE00FFB063 /* cspublic.h */,
				75F48C411DD8C3BE00FFB063 /* cstypes.h */,
				75F48C421DD8C3BE00FFB063 /* ctpublic.h */,
				75F48C431DD8C3BE00FFB063 /* libsybdb.a */,
				75F48C441DD8C3BE00FFB063 /* odbcss.h */,
				75F48C451DD8C3BE00FFB063 /* SQLClient.h */,
				75F48C461DD8C3BE00FFB063 /* SQLClient.m */,
				75F48C471DD8C3BE00FFB063 /* sqldb.h */,
				75F48C481DD8C3BE00FFB063 /* sqlfront.h */,
				75F48C491DD8C3BF00FFB063 /* sybdb.h */,
				75F48C4A1DD8C3BF00FFB063 /* syberror.h */,
				75F48C4B1DD8C3BF00FFB063 /* sybfront.h */,
				75F48C4C1DD8C3BF00FFB063 /* tds_sysdep_public.h */,
			);
			name = SQLClient;
			sourceTree = "<group>";
		};
/* End PBXGroup section */

/* Begin PBXNativeTarget section */
		752EF9A91DCE33E2000B6C42 /* DbClient */ = {
			isa = PBXNativeTarget;
			buildConfigurationList = 752EF9B91DCE33E2000B6C42 /* Build configuration list for PBXNativeTarget "DbClient" */;
			buildPhases = (
				E65EB7D61EC4C03FABA598D6 /* [CP] Check Pods Manifest.lock */,
				752EF9A61DCE33E2000B6C42 /* Sources */,
				752EF9A71DCE33E2000B6C42 /* Frameworks */,
				752EF9A81DCE33E2000B6C42 /* Resources */,
				D95E92F519E2CD31B3661CAA /* [CP] Embed Pods Frameworks */,
				474D1486037CF38EE5F5AD07 /* [CP] Copy Pods Resources */,
			);
			buildRules = (
			);
			dependencies = (
			);
			name = DbClient;
			productName = DbClient;
			productReference = 752EF9AA1DCE33E2000B6C42 /* DbClient.app */;
			productType = "com.apple.product-type.application";
		};
/* End PBXNativeTarget section */

/* Begin PBXProject section */
		752EF9A21DCE33E2000B6C42 /* Project object */ = {
			isa = PBXProject;
			attributes = {
				LastSwiftUpdateCheck = 0810;
				LastUpgradeCheck = 0810;
				ORGANIZATIONNAME = "Filip Fajdetic";
				TargetAttributes = {
					752EF9A91DCE33E2000B6C42 = {
						CreatedOnToolsVersion = 8.1;
						ProvisioningStyle = Manual;
					};
				};
			};
			buildConfigurationList = 752EF9A51DCE33E2000B6C42 /* Build configuration list for PBXProject "DbClient" */;
			compatibilityVersion = "Xcode 3.2";
			developmentRegion = English;
			hasScannedForEncodings = 0;
			knownRegions = (
				en,
				Base,
			);
			mainGroup = 752EF9A11DCE33E2000B6C42;
			productRefGroup = 752EF9AB1DCE33E2000B6C42 /* Products */;
			projectDirPath = "";
			projectRoot = "";
			targets = (
				752EF9A91DCE33E2000B6C42 /* DbClient */,
			);
		};
/* End PBXProject section */

/* Begin PBXResourcesBuildPhase section */
		752EF9A81DCE33E2000B6C42 /* Resources */ = {
			isa = PBXResourcesBuildPhase;
			buildActionMask = 2147483647;
			files = (
				75A7190B1DD8B72A00F93547 /* DbListView.xib in Resources */,
				753D6EE51DD730490027EDA7 /* DbItemView.xib in Resources */,
				755DF9641DD74D80004F4D94 /* DbNameView.xib in Resources */,
				752EF9B21DCE33E2000B6C42 /* Assets.xcassets in Resources */,
				752EF9B51DCE33E2000B6C42 /* Main.storyboard in Resources */,
			);
			runOnlyForDeploymentPostprocessing = 0;
		};
/* End PBXResourcesBuildPhase section */

/* Begin PBXShellScriptBuildPhase section */
		474D1486037CF38EE5F5AD07 /* [CP] Copy Pods Resources */ = {
			isa = PBXShellScriptBuildPhase;
			buildActionMask = 2147483647;
			files = (
			);
			inputPaths = (
			);
			name = "[CP] Copy Pods Resources";
			outputPaths = (
			);
			runOnlyForDeploymentPostprocessing = 0;
			shellPath = /bin/sh;
			shellScript = "\"${SRCROOT}/Pods/Target Support Files/Pods-DbClient/Pods-DbClient-resources.sh\"\n";
			showEnvVarsInLog = 0;
		};
		D95E92F519E2CD31B3661CAA /* [CP] Embed Pods Frameworks */ = {
			isa = PBXShellScriptBuildPhase;
			buildActionMask = 2147483647;
			files = (
			);
			inputPaths = (
			);
			name = "[CP] Embed Pods Frameworks";
			outputPaths = (
			);
			runOnlyForDeploymentPostprocessing = 0;
			shellPath = /bin/sh;
			shellScript = "\"${SRCROOT}/Pods/Target Support Files/Pods-DbClient/Pods-DbClient-frameworks.sh\"\n";
			showEnvVarsInLog = 0;
		};
		E65EB7D61EC4C03FABA598D6 /* [CP] Check Pods Manifest.lock */ = {
			isa = PBXShellScriptBuildPhase;
			buildActionMask = 2147483647;
			files = (
			);
			inputPaths = (
			);
			name = "[CP] Check Pods Manifest.lock";
			outputPaths = (
			);
			runOnlyForDeploymentPostprocessing = 0;
			shellPath = /bin/sh;
			shellScript = "diff \"${PODS_ROOT}/../Podfile.lock\" \"${PODS_ROOT}/Manifest.lock\" > /dev/null\nif [ $? != 0 ] ; then\n    # print error to STDERR\n    echo \"error: The sandbox is not in sync with the Podfile.lock. Run 'pod install' or update your CocoaPods installation.\" >&2\n    exit 1\nfi\n";
			showEnvVarsInLog = 0;
		};
/* End PBXShellScriptBuildPhase section */

/* Begin PBXSourcesBuildPhase section */
		752EF9A61DCE33E2000B6C42 /* Sources */ = {
			isa = PBXSourcesBuildPhase;
			buildActionMask = 2147483647;
			files = (
				75A719031DD8A7E700F93547 /* GeneralExtensions.swift in Sources */,
				75F48C551DD910DA00FFB063 /* Place.swift in Sources */,
				7527E9851DDF9D75003925BE /* Partner.swift in Sources */,
				75F48C4E1DD8C3BF00FFB063 /* SQLClient.m in Sources */,
				752EF9B01DCE33E2000B6C42 /* DbConnectViewController.swift in Sources */,
				7527E9871DDFAC48003925BE /* Unit.swift in Sources */,
				75F48C571DD914AB00FFB063 /* Person.swift in Sources */,
				752EF9AE1DCE33E2000B6C42 /* AppDelegate.swift in Sources */,
				752871061DCFD17A000BBCDE /* Item.swift in Sources */,
				75A719051DD8AB1E00F93547 /* Document.swift in Sources */,
				7527E98D1DDFB64C003925BE /* Company.swift in Sources */,
				755DF9621DD74D34004F4D94 /* DbNameView.swift in Sources */,
				75F48C511DD9081500FFB063 /* Country.swift in Sources */,
				753D6EE31DD72FFF0027EDA7 /* DbItemView.swift in Sources */,
				75A7190D1DD8B73700F93547 /* DbListView.swift in Sources */,
				755DF95D1DD74994004F4D94 /* DbTableViewController.swift in Sources */,
			);
			runOnlyForDeploymentPostprocessing = 0;
		};
/* End PBXSourcesBuildPhase section */

/* Begin PBXVariantGroup section */
		752EF9B31DCE33E2000B6C42 /* Main.storyboard */ = {
			isa = PBXVariantGroup;
			children = (
				752EF9B41DCE33E2000B6C42 /* Base */,
			);
			name = Main.storyboard;
			sourceTree = "<group>";
		};
/* End PBXVariantGroup section */

/* Begin XCBuildConfiguration section */
		752EF9B71DCE33E2000B6C42 /* Debug */ = {
			isa = XCBuildConfiguration;
			buildSettings = {
				ALWAYS_SEARCH_USER_PATHS = NO;
				CLANG_ANALYZER_NONNULL = YES;
				CLANG_CXX_LANGUAGE_STANDARD = "gnu++0x";
				CLANG_CXX_LIBRARY = "libc++";
				CLANG_ENABLE_MODULES = YES;
				CLANG_ENABLE_OBJC_ARC = YES;
				CLANG_WARN_BOOL_CONVERSION = YES;
				CLANG_WARN_CONSTANT_CONVERSION = YES;
				CLANG_WARN_DIRECT_OBJC_ISA_USAGE = YES_ERROR;
				CLANG_WARN_DOCUMENTATION_COMMENTS = YES;
				CLANG_WARN_EMPTY_BODY = YES;
				CLANG_WARN_ENUM_CONVERSION = YES;
				CLANG_WARN_INFINITE_RECURSION = YES;
				CLANG_WARN_INT_CONVERSION = YES;
				CLANG_WARN_OBJC_ROOT_CLASS = YES_ERROR;
				CLANG_WARN_SUSPICIOUS_MOVE = YES;
				CLANG_WARN_SUSPICIOUS_MOVES = YES;
				CLANG_WARN_UNREACHABLE_CODE = YES;
				CLANG_WARN__DUPLICATE_METHOD_MATCH = YES;
				CODE_SIGN_IDENTITY = "-";
				COPY_PHASE_STRIP = NO;
				DEBUG_INFORMATION_FORMAT = dwarf;
				ENABLE_STRICT_OBJC_MSGSEND = YES;
				ENABLE_TESTABILITY = YES;
				GCC_C_LANGUAGE_STANDARD = gnu99;
				GCC_DYNAMIC_NO_PIC = NO;
				GCC_NO_COMMON_BLOCKS = YES;
				GCC_OPTIMIZATION_LEVEL = 0;
				GCC_PREPROCESSOR_DEFINITIONS = (
					"DEBUG=1",
					"$(inherited)",
				);
				GCC_WARN_64_TO_32_BIT_CONVERSION = YES;
				GCC_WARN_ABOUT_RETURN_TYPE = YES_ERROR;
				GCC_WARN_UNDECLARED_SELECTOR = YES;
				GCC_WARN_UNINITIALIZED_AUTOS = YES_AGGRESSIVE;
				GCC_WARN_UNUSED_FUNCTION = YES;
				GCC_WARN_UNUSED_VARIABLE = YES;
				MACOSX_DEPLOYMENT_TARGET = 10.12;
				MTL_ENABLE_DEBUG_INFO = YES;
				ONLY_ACTIVE_ARCH = YES;
				SDKROOT = macosx;
				SWIFT_ACTIVE_COMPILATION_CONDITIONS = DEBUG;
				SWIFT_OPTIMIZATION_LEVEL = "-Onone";
			};
			name = Debug;
		};
		752EF9B81DCE33E2000B6C42 /* Release */ = {
			isa = XCBuildConfiguration;
			buildSettings = {
				ALWAYS_SEARCH_USER_PATHS = NO;
				CLANG_ANALYZER_NONNULL = YES;
				CLANG_CXX_LANGUAGE_STANDARD = "gnu++0x";
				CLANG_CXX_LIBRARY = "libc++";
				CLANG_ENABLE_MODULES = YES;
				CLANG_ENABLE_OBJC_ARC = YES;
				CLANG_WARN_BOOL_CONVERSION = YES;
				CLANG_WARN_CONSTANT_CONVERSION = YES;
				CLANG_WARN_DIRECT_OBJC_ISA_USAGE = YES_ERROR;
				CLANG_WARN_DOCUMENTATION_COMMENTS = YES;
				CLANG_WARN_EMPTY_BODY = YES;
				CLANG_WARN_ENUM_CONVERSION = YES;
				CLANG_WARN_INFINITE_RECURSION = YES;
				CLANG_WARN_INT_CONVERSION = YES;
				CLANG_WARN_OBJC_ROOT_CLASS = YES_ERROR;
				CLANG_WARN_SUSPICIOUS_MOVE = YES;
				CLANG_WARN_SUSPICIOUS_MOVES = YES;
				CLANG_WARN_UNREACHABLE_CODE = YES;
				CLANG_WARN__DUPLICATE_METHOD_MATCH = YES;
				CODE_SIGN_IDENTITY = "-";
				COPY_PHASE_STRIP = NO;
				DEBUG_INFORMATION_FORMAT = "dwarf-with-dsym";
				ENABLE_NS_ASSERTIONS = NO;
				ENABLE_STRICT_OBJC_MSGSEND = YES;
				GCC_C_LANGUAGE_STANDARD = gnu99;
				GCC_NO_COMMON_BLOCKS = YES;
				GCC_WARN_64_TO_32_BIT_CONVERSION = YES;
				GCC_WARN_ABOUT_RETURN_TYPE = YES_ERROR;
				GCC_WARN_UNDECLARED_SELECTOR = YES;
				GCC_WARN_UNINITIALIZED_AUTOS = YES_AGGRESSIVE;
				GCC_WARN_UNUSED_FUNCTION = YES;
				GCC_WARN_UNUSED_VARIABLE = YES;
				MACOSX_DEPLOYMENT_TARGET = 10.12;
				MTL_ENABLE_DEBUG_INFO = NO;
				SDKROOT = macosx;
				SWIFT_OPTIMIZATION_LEVEL = "-Owholemodule";
			};
			name = Release;
		};
		752EF9BA1DCE33E2000B6C42 /* Debug */ = {
			isa = XCBuildConfiguration;
			baseConfigurationReference = 060F834505056EF9ECFAC506 /* Pods-DbClient.debug.xcconfig */;
			buildSettings = {
				ALWAYS_EMBED_SWIFT_STANDARD_LIBRARIES = YES;
				ASSETCATALOG_COMPILER_APPICON_NAME = AppIcon;
				CODE_SIGN_IDENTITY = "";
				COMBINE_HIDPI_IMAGES = YES;
				DEVELOPMENT_TEAM = "";
				INFOPLIST_FILE = DbClient/Info.plist;
				LD_RUNPATH_SEARCH_PATHS = "$(inherited) @executable_path/../Frameworks";
				LIBRARY_SEARCH_PATHS = (
					"$(inherited)",
					"$(PROJECT_DIR)/DbClient/SQLClient",
					"$(PROJECT_DIR)/DbClient",
				);
				MACOSX_DEPLOYMENT_TARGET = 10.12;
				PRODUCT_BUNDLE_IDENTIFIER = com.fer.DbClient;
				PRODUCT_NAME = "$(TARGET_NAME)";
				SWIFT_OBJC_BRIDGING_HEADER = "DbClient/DbClient-Bridging-Header.h";
				SWIFT_VERSION = 3.0;
			};
			name = Debug;
		};
		752EF9BB1DCE33E2000B6C42 /* Release */ = {
			isa = XCBuildConfiguration;
			baseConfigurationReference = 336BABC212A6FCBAD3489D9C /* Pods-DbClient.release.xcconfig */;
			buildSettings = {
				ALWAYS_EMBED_SWIFT_STANDARD_LIBRARIES = YES;
				ASSETCATALOG_COMPILER_APPICON_NAME = AppIcon;
				CODE_SIGN_IDENTITY = "";
				COMBINE_HIDPI_IMAGES = YES;
				DEVELOPMENT_TEAM = "";
				INFOPLIST_FILE = DbClient/Info.plist;
				LD_RUNPATH_SEARCH_PATHS = "$(inherited) @executable_path/../Frameworks";
				LIBRARY_SEARCH_PATHS = (
					"$(inherited)",
					"$(PROJECT_DIR)/DbClient/SQLClient",
					"$(PROJECT_DIR)/DbClient",
				);
				MACOSX_DEPLOYMENT_TARGET = 10.12;
				PRODUCT_BUNDLE_IDENTIFIER = com.fer.DbClient;
				PRODUCT_NAME = "$(TARGET_NAME)";
				SWIFT_OBJC_BRIDGING_HEADER = "DbClient/DbClient-Bridging-Header.h";
				SWIFT_VERSION = 3.0;
			};
			name = Release;
		};
/* End XCBuildConfiguration section */

/* Begin XCConfigurationList section */
		752EF9A51DCE33E2000B6C42 /* Build configuration list for PBXProject "DbClient" */ = {
			isa = XCConfigurationList;
			buildConfigurations = (
				752EF9B71DCE33E2000B6C42 /* Debug */,
				752EF9B81DCE33E2000B6C42 /* Release */,
			);
			defaultConfigurationIsVisible = 0;
			defaultConfigurationName = Release;
		};
		752EF9B91DCE33E2000B6C42 /* Build configuration list for PBXNativeTarget "DbClient" */ = {
			isa = XCConfigurationList;
			buildConfigurations = (
				752EF9BA1DCE33E2000B6C42 /* Debug */,
				752EF9BB1DCE33E2000B6C42 /* Release */,
			);
			defaultConfigurationIsVisible = 0;
			defaultConfigurationName = Release;
		};
/* End XCConfigurationList section */
	};
	rootObject = 752EF9A21DCE33E2000B6C42 /* Project object */;
}
